
Microsoft Visual Studio Solution File, Format Version 12.00
# Visual Studio Version 16
VisualStudioVersion = 16.0.30406.217
MinimumVisualStudioVersion = 10.0.40219.1
Project("{FAE04EC0-301F-11D3-BF4B-00C04F79EFBC}") = "Model", "Model\Model.csproj", "{39F2039E-BFF5-4B08-91E3-AFDB5B17DE2B}"
EndProject
Project("{FAE04EC0-301F-11D3-BF4B-00C04F79EFBC}") = "Controller", "Controller\Controller.csproj", "{3A9D7572-7951-4B57-978D-B2FEE2D2A4D2}"
EndProject
Project("{FAE04EC0-301F-11D3-BF4B-00C04F79EFBC}") = "View", "View\View.csproj", "{254CD3DB-5D7B-422D-B5E4-D87F7CCBD825}"
EndProject
Global
	GlobalSection(SolutionConfigurationPlatforms) = preSolution
		Debug|Any CPU = Debug|Any CPU
		Release|Any CPU = Release|Any CPU
	EndGlobalSection
	GlobalSection(ProjectConfigurationPlatforms) = postSolution
		{39F2039E-BFF5-4B08-91E3-AFDB5B17DE2B}.Debug|Any CPU.ActiveCfg = Debug|Any CPU
		{39F2039E-BFF5-4B08-91E3-AFDB5B17DE2B}.Debug|Any CPU.Build.0 = Debug|Any CPU
		{39F2039E-BFF5-4B08-91E3-AFDB5B17DE2B}.Release|Any CPU.ActiveCfg = Release|Any CPU
		{39F2039E-BFF5-4B08-91E3-AFDB5B17DE2B}.Release|Any CPU.Build.0 = Release|Any CPU
		{3A9D7572-7951-4B57-978D-B2FEE2D2A4D2}.Debug|Any CPU.ActiveCfg = Debug|Any CPU
		{3A9D7572-7951-4B57-978D-B2FEE2D2A4D2}.Debug|Any CPU.Build.0 = Debug|Any CPU
		{3A9D7572-7951-4B57-978D-B2FEE2D2A4D2}.Release|Any CPU.ActiveCfg = Release|Any CPU
		{3A9D7572-7951-4B57-978D-B2FEE2D2A4D2}.Release|Any CPU.Build.0 = Release|Any CPU
		{254CD3DB-5D7B-422D-B5E4-D87F7CCBD825}.Debug|Any CPU.ActiveCfg = Debug|Any CPU
		{254CD3DB-5D7B-422D-B5E4-D87F7CCBD825}.Debug|Any CPU.Build.0 = Debug|Any CPU
		{254CD3DB-5D7B-422D-B5E4-D87F7CCBD825}.Release|Any CPU.ActiveCfg = Release|Any CPU
		{254CD3DB-5D7B-422D-B5E4-D87F7CCBD825}.Release|Any CPU.Build.0 = Release|Any CPU
	EndGlobalSection
	GlobalSection(SolutionProperties) = preSolution
		HideSolutionNode = FALSE
	EndGlobalSection
	GlobalSection(ExtensibilityGlobals) = postSolution
		SolutionGuid = {C5E2A9C1-D11F-492D-8A29-2F4E5A3E4D34}
	EndGlobalSection
EndGlobal
